// !$*UTF8*$!
{
	archiveVersion = 1;
	classes = {
	};
	objectVersion = 48;
	objects = {

/* Begin PBXBuildFile section */
		2205A87C2022F1E50004AAFD /* Settings.swift in Sources */ = {isa = PBXBuildFile; fileRef = 22E2D1792022EF0200782EF2 /* Settings.swift */; };
		22C88FD220205A460081C963 /* AppDelegate.swift in Sources */ = {isa = PBXBuildFile; fileRef = 22C88FD120205A460081C963 /* AppDelegate.swift */; };
		22C88FD420205A460081C963 /* HomeController.swift in Sources */ = {isa = PBXBuildFile; fileRef = 22C88FD320205A460081C963 /* HomeController.swift */; };
		22C88FD920205A460081C963 /* Assets.xcassets in Resources */ = {isa = PBXBuildFile; fileRef = 22C88FD820205A460081C963 /* Assets.xcassets */; };
		22C88FDC20205A460081C963 /* LaunchScreen.storyboard in Resources */ = {isa = PBXBuildFile; fileRef = 22C88FDA20205A460081C963 /* LaunchScreen.storyboard */; };
		22C88FE820206E720081C963 /* FeaturedViewController.swift in Sources */ = {isa = PBXBuildFile; fileRef = 22C88FE720206E720081C963 /* FeaturedViewController.swift */; };
		22C88FEA20206E8B0081C963 /* FavouritesViewController.swift in Sources */ = {isa = PBXBuildFile; fileRef = 22C88FE920206E8B0081C963 /* FavouritesViewController.swift */; };
		22C88FEC20206EA90081C963 /* DownloadsViewController.swift in Sources */ = {isa = PBXBuildFile; fileRef = 22C88FEB20206EA90081C963 /* DownloadsViewController.swift */; };
		22C88FEE20206EC40081C963 /* HistoryViewController.swift in Sources */ = {isa = PBXBuildFile; fileRef = 22C88FED20206EC40081C963 /* HistoryViewController.swift */; };
		22C88FF2202086EA0081C963 /* Feature1ViewController.swift in Sources */ = {isa = PBXBuildFile; fileRef = 22C88FF1202086EA0081C963 /* Feature1ViewController.swift */; };
		22C88FF4202086FF0081C963 /* Feature2ViewController.swift in Sources */ = {isa = PBXBuildFile; fileRef = 22C88FF3202086FF0081C963 /* Feature2ViewController.swift */; };
		22C88FF920209AED0081C963 /* FavouritesViewCell.swift in Sources */ = {isa = PBXBuildFile; fileRef = 22C88FF820209AED0081C963 /* FavouritesViewCell.swift */; };
		22CBA3832022F561002223F0 /* Full Settings.plist in Resources */ = {isa = PBXBuildFile; fileRef = 22E2D1762022EB6600782EF2 /* Full Settings.plist */; };
		22CBA3852022F63A002223F0 /* extensions.swift in Sources */ = {isa = PBXBuildFile; fileRef = 22CBA3842022F63A002223F0 /* extensions.swift */; };
		22CBA3862022F6B6002223F0 /* extensions.swift in Sources */ = {isa = PBXBuildFile; fileRef = 22CBA3842022F63A002223F0 /* extensions.swift */; };
		22CBA38A202307E3002223F0 /* RecentViewController.swift in Sources */ = {isa = PBXBuildFile; fileRef = 22CBA389202307E3002223F0 /* RecentViewController.swift */; };
		22CBA38B20230836002223F0 /* RecentViewController.swift in Sources */ = {isa = PBXBuildFile; fileRef = 22CBA389202307E3002223F0 /* RecentViewController.swift */; };
		22E2D15C2022DF3D00782EF2 /* FavouritesViewController.swift in Sources */ = {isa = PBXBuildFile; fileRef = 22C88FE920206E8B0081C963 /* FavouritesViewController.swift */; };
		22E2D15D2022DF3D00782EF2 /* HistoryViewController.swift in Sources */ = {isa = PBXBuildFile; fileRef = 22C88FED20206EC40081C963 /* HistoryViewController.swift */; };
		22E2D15E2022DF3D00782EF2 /* FeaturedViewController.swift in Sources */ = {isa = PBXBuildFile; fileRef = 22C88FE720206E720081C963 /* FeaturedViewController.swift */; };
		22E2D15F2022DF3D00782EF2 /* FavouritesViewCell.swift in Sources */ = {isa = PBXBuildFile; fileRef = 22C88FF820209AED0081C963 /* FavouritesViewCell.swift */; };
		22E2D1602022DF3D00782EF2 /* Feature1ViewController.swift in Sources */ = {isa = PBXBuildFile; fileRef = 22C88FF1202086EA0081C963 /* Feature1ViewController.swift */; };
		22E2D1612022DF3D00782EF2 /* FavouritesHeaderCell.swift in Sources */ = {isa = PBXBuildFile; fileRef = 22FCF1E1202188900056D84A /* FavouritesHeaderCell.swift */; };
		22E2D1622022DF3D00782EF2 /* Feature2ViewController.swift in Sources */ = {isa = PBXBuildFile; fileRef = 22C88FF3202086FF0081C963 /* Feature2ViewController.swift */; };
		22E2D1632022DF3D00782EF2 /* HomeController.swift in Sources */ = {isa = PBXBuildFile; fileRef = 22C88FD320205A460081C963 /* HomeController.swift */; };
		22E2D1642022DF3D00782EF2 /* DownloadsViewController.swift in Sources */ = {isa = PBXBuildFile; fileRef = 22C88FEB20206EA90081C963 /* DownloadsViewController.swift */; };
		22E2D1652022DF3D00782EF2 /* AppDelegate.swift in Sources */ = {isa = PBXBuildFile; fileRef = 22C88FD120205A460081C963 /* AppDelegate.swift */; };
		22E2D1682022DF3D00782EF2 /* LaunchScreen.storyboard in Resources */ = {isa = PBXBuildFile; fileRef = 22C88FDA20205A460081C963 /* LaunchScreen.storyboard */; };
		22E2D16F2022DFFF00782EF2 /* White Labelling Full.plist in Resources */ = {isa = PBXBuildFile; fileRef = 22E2D16E2022DF3D00782EF2 /* White Labelling Full.plist */; };
		22E2D1702022E00400782EF2 /* White Labelling Demo.plist in Resources */ = {isa = PBXBuildFile; fileRef = 22C88FDD20205A460081C963 /* White Labelling Demo.plist */; };
		22E2D1752022EB5700782EF2 /* Demo Settings.plist in Resources */ = {isa = PBXBuildFile; fileRef = 22E2D1742022EB5700782EF2 /* Demo Settings.plist */; };
		22E2D17A2022EF0200782EF2 /* Settings.swift in Sources */ = {isa = PBXBuildFile; fileRef = 22E2D1792022EF0200782EF2 /* Settings.swift */; };
		22EC3DC42024304100823340 /* Assets.xcassets in Resources */ = {isa = PBXBuildFile; fileRef = 22EC3DC22024300F00823340 /* Assets.xcassets */; };
		22FCF1E2202188900056D84A /* FavouritesHeaderCell.swift in Sources */ = {isa = PBXBuildFile; fileRef = 22FCF1E1202188900056D84A /* FavouritesHeaderCell.swift */; };
/* End PBXBuildFile section */

/* Begin PBXFileReference section */
		22C88FCE20205A460081C963 /* White Labelling Demo.app */ = {isa = PBXFileReference; explicitFileType = wrapper.application; includeInIndex = 0; path = "White Labelling Demo.app"; sourceTree = BUILT_PRODUCTS_DIR; };
		22C88FD120205A460081C963 /* AppDelegate.swift */ = {isa = PBXFileReference; lastKnownFileType = sourcecode.swift; path = AppDelegate.swift; sourceTree = "<group>"; };
		22C88FD320205A460081C963 /* HomeController.swift */ = {isa = PBXFileReference; lastKnownFileType = sourcecode.swift; path = HomeController.swift; sourceTree = "<group>"; };
		22C88FD820205A460081C963 /* Assets.xcassets */ = {isa = PBXFileReference; lastKnownFileType = folder.assetcatalog; path = Assets.xcassets; sourceTree = "<group>"; };
		22C88FDB20205A460081C963 /* Base */ = {isa = PBXFileReference; lastKnownFileType = file.storyboard; name = Base; path = Base.lproj/LaunchScreen.storyboard; sourceTree = "<group>"; };
		22C88FDD20205A460081C963 /* White Labelling Demo.plist */ = {isa = PBXFileReference; lastKnownFileType = text.plist.xml; path = "White Labelling Demo.plist"; sourceTree = "<group>"; };
		22C88FE720206E720081C963 /* FeaturedViewController.swift */ = {isa = PBXFileReference; lastKnownFileType = sourcecode.swift; path = FeaturedViewController.swift; sourceTree = "<group>"; };
		22C88FE920206E8B0081C963 /* FavouritesViewController.swift */ = {isa = PBXFileReference; lastKnownFileType = sourcecode.swift; path = FavouritesViewController.swift; sourceTree = "<group>"; };
		22C88FEB20206EA90081C963 /* DownloadsViewController.swift */ = {isa = PBXFileReference; lastKnownFileType = sourcecode.swift; path = DownloadsViewController.swift; sourceTree = "<group>"; };
		22C88FED20206EC40081C963 /* HistoryViewController.swift */ = {isa = PBXFileReference; lastKnownFileType = sourcecode.swift; path = HistoryViewController.swift; sourceTree = "<group>"; };
		22C88FF1202086EA0081C963 /* Feature1ViewController.swift */ = {isa = PBXFileReference; lastKnownFileType = sourcecode.swift; path = Feature1ViewController.swift; sourceTree = "<group>"; };
		22C88FF3202086FF0081C963 /* Feature2ViewController.swift */ = {isa = PBXFileReference; lastKnownFileType = sourcecode.swift; path = Feature2ViewController.swift; sourceTree = "<group>"; };
		22C88FF820209AED0081C963 /* FavouritesViewCell.swift */ = {isa = PBXFileReference; lastKnownFileType = sourcecode.swift; path = FavouritesViewCell.swift; sourceTree = "<group>"; };
		22CBA3842022F63A002223F0 /* extensions.swift */ = {isa = PBXFileReference; lastKnownFileType = sourcecode.swift; path = extensions.swift; sourceTree = "<group>"; };
		22CBA389202307E3002223F0 /* RecentViewController.swift */ = {isa = PBXFileReference; lastKnownFileType = sourcecode.swift; path = RecentViewController.swift; sourceTree = "<group>"; };
		22E2D16D2022DF3D00782EF2 /* White Labelling Full.app */ = {isa = PBXFileReference; explicitFileType = wrapper.application; includeInIndex = 0; path = "White Labelling Full.app"; sourceTree = BUILT_PRODUCTS_DIR; };
		22E2D16E2022DF3D00782EF2 /* White Labelling Full.plist */ = {isa = PBXFileReference; lastKnownFileType = text.plist.xml; name = "White Labelling Full.plist"; path = "/Users/vaibhavsingh/Desktop/White Labelling Demo/White Labelling Demo/Supporting files/Full/White Labelling Full.plist"; sourceTree = "<absolute>"; };
		22E2D1742022EB5700782EF2 /* Demo Settings.plist */ = {isa = PBXFileReference; lastKnownFileType = text.plist.xml; path = "Demo Settings.plist"; sourceTree = "<group>"; };
		22E2D1762022EB6600782EF2 /* Full Settings.plist */ = {isa = PBXFileReference; lastKnownFileType = text.plist.xml; path = "Full Settings.plist"; sourceTree = "<group>"; };
		22E2D1792022EF0200782EF2 /* Settings.swift */ = {isa = PBXFileReference; lastKnownFileType = sourcecode.swift; path = Settings.swift; sourceTree = "<group>"; };
		22EC3DC22024300F00823340 /* Assets.xcassets */ = {isa = PBXFileReference; lastKnownFileType = folder.assetcatalog; path = Assets.xcassets; sourceTree = "<group>"; };
		22FCF1E1202188900056D84A /* FavouritesHeaderCell.swift */ = {isa = PBXFileReference; lastKnownFileType = sourcecode.swift; path = FavouritesHeaderCell.swift; sourceTree = "<group>"; };
/* End PBXFileReference section */

/* Begin PBXFrameworksBuildPhase section */
		22C88FCB20205A460081C963 /* Frameworks */ = {
			isa = PBXFrameworksBuildPhase;
			buildActionMask = 2147483647;
			files = (
			);
			runOnlyForDeploymentPostprocessing = 0;
		};
		22E2D1662022DF3D00782EF2 /* Frameworks */ = {
			isa = PBXFrameworksBuildPhase;
			buildActionMask = 2147483647;
			files = (
			);
			runOnlyForDeploymentPostprocessing = 0;
		};
/* End PBXFrameworksBuildPhase section */

/* Begin PBXGroup section */
		2205A87D2022F3CF0004AAFD /* Helpers */ = {
			isa = PBXGroup;
			children = (
				22E2D1792022EF0200782EF2 /* Settings.swift */,
				22CBA3842022F63A002223F0 /* extensions.swift */,
			);
			name = Helpers;
			path = "New Group";
			sourceTree = "<group>";
		};
		22C88FC520205A460081C963 = {
			isa = PBXGroup;
			children = (
				22C88FD020205A460081C963 /* White Labelling Demo */,
				22C88FCF20205A460081C963 /* Products */,
			);
			sourceTree = "<group>";
		};
		22C88FCF20205A460081C963 /* Products */ = {
			isa = PBXGroup;
			children = (
				22C88FCE20205A460081C963 /* White Labelling Demo.app */,
				22E2D16D2022DF3D00782EF2 /* White Labelling Full.app */,
			);
			name = Products;
			sourceTree = "<group>";
		};
		22C88FD020205A460081C963 /* White Labelling Demo */ = {
			isa = PBXGroup;
			children = (
				22EC3DBF20242FE800823340 /* Supporting files */,
				22FCF1E720218C670056D84A /* Main */,
				22CBA387202307A8002223F0 /* Recent */,
				22FCF1E520218C440056D84A /* History */,
				22FCF1E320218BE40056D84A /* Downloads */,
				22C88FF5202099D60081C963 /* Favourites */,
				22C88FEF202085C50081C963 /* Featured */,
				22C88FE320205CD90081C963 /* Appdelegate */,
			);
			path = "White Labelling Demo";
			sourceTree = "<group>";
		};
		22C88FE320205CD90081C963 /* Appdelegate */ = {
			isa = PBXGroup;
			children = (
				22C88FD120205A460081C963 /* AppDelegate.swift */,
			);
			path = Appdelegate;
			sourceTree = "<group>";
		};
		22C88FE420205CE40081C963 /* Controllers */ = {
			isa = PBXGroup;
			children = (
				22C88FD320205A460081C963 /* HomeController.swift */,
			);
			path = Controllers;
			sourceTree = "<group>";
		};
		22C88FEF202085C50081C963 /* Featured */ = {
			isa = PBXGroup;
			children = (
				22C88FF0202085D20081C963 /* Controllers */,
			);
			path = Featured;
			sourceTree = "<group>";
		};
		22C88FF0202085D20081C963 /* Controllers */ = {
			isa = PBXGroup;
			children = (
				22C88FE720206E720081C963 /* FeaturedViewController.swift */,
				22C88FF1202086EA0081C963 /* Feature1ViewController.swift */,
				22C88FF3202086FF0081C963 /* Feature2ViewController.swift */,
			);
			path = Controllers;
			sourceTree = "<group>";
		};
		22C88FF5202099D60081C963 /* Favourites */ = {
			isa = PBXGroup;
			children = (
				22C88FF720209A0A0081C963 /* View */,
				22C88FF6202099F80081C963 /* Controllers */,
			);
			path = Favourites;
			sourceTree = "<group>";
		};
		22C88FF6202099F80081C963 /* Controllers */ = {
			isa = PBXGroup;
			children = (
				22C88FE920206E8B0081C963 /* FavouritesViewController.swift */,
			);
			path = Controllers;
			sourceTree = "<group>";
		};
		22C88FF720209A0A0081C963 /* View */ = {
			isa = PBXGroup;
			children = (
				22C88FF820209AED0081C963 /* FavouritesViewCell.swift */,
				22FCF1E1202188900056D84A /* FavouritesHeaderCell.swift */,
			);
			path = View;
			sourceTree = "<group>";
		};
		22CBA387202307A8002223F0 /* Recent */ = {
			isa = PBXGroup;
			children = (
				22CBA388202307C0002223F0 /* Controllers */,
			);
			path = Recent;
			sourceTree = "<group>";
		};
		22CBA388202307C0002223F0 /* Controllers */ = {
			isa = PBXGroup;
			children = (
				22CBA389202307E3002223F0 /* RecentViewController.swift */,
			);
			path = Controllers;
			sourceTree = "<group>";
		};
		22EC3DBF20242FE800823340 /* Supporting files */ = {
			isa = PBXGroup;
			children = (
				22C88FDA20205A460081C963 /* LaunchScreen.storyboard */,
				22EC3DC120242FFA00823340 /* Full */,
				22EC3DC020242FF400823340 /* Demo */,
			);
			path = "Supporting files";
			sourceTree = "<group>";
		};
		22EC3DC020242FF400823340 /* Demo */ = {
			isa = PBXGroup;
			children = (
				22C88FD820205A460081C963 /* Assets.xcassets */,
				22C88FDD20205A460081C963 /* White Labelling Demo.plist */,
				22E2D1742022EB5700782EF2 /* Demo Settings.plist */,
			);
			path = Demo;
			sourceTree = "<group>";
		};
		22EC3DC120242FFA00823340 /* Full */ = {
			isa = PBXGroup;
			children = (
				22EC3DC22024300F00823340 /* Assets.xcassets */,
				22E2D16E2022DF3D00782EF2 /* White Labelling Full.plist */,
				22E2D1762022EB6600782EF2 /* Full Settings.plist */,
			);
			path = Full;
			sourceTree = "<group>";
		};
		22FCF1E320218BE40056D84A /* Downloads */ = {
			isa = PBXGroup;
			children = (
				22FCF1E420218BF80056D84A /* Controllers */,
			);
			path = Downloads;
			sourceTree = "<group>";
		};
		22FCF1E420218BF80056D84A /* Controllers */ = {
			isa = PBXGroup;
			children = (
				22C88FEB20206EA90081C963 /* DownloadsViewController.swift */,
			);
			path = Controllers;
			sourceTree = "<group>";
		};
		22FCF1E520218C440056D84A /* History */ = {
			isa = PBXGroup;
			children = (
				22FCF1E620218C550056D84A /* Controllers */,
			);
			path = History;
			sourceTree = "<group>";
		};
		22FCF1E620218C550056D84A /* Controllers */ = {
			isa = PBXGroup;
			children = (
				22C88FED20206EC40081C963 /* HistoryViewController.swift */,
			);
			path = Controllers;
			sourceTree = "<group>";
		};
		22FCF1E720218C670056D84A /* Main */ = {
			isa = PBXGroup;
			children = (
				2205A87D2022F3CF0004AAFD /* Helpers */,
				22C88FE420205CE40081C963 /* Controllers */,
			);
			path = Main;
			sourceTree = "<group>";
		};
/* End PBXGroup section */

/* Begin PBXNativeTarget section */
		22C88FCD20205A460081C963 /* White Labelling Demo */ = {
			isa = PBXNativeTarget;
			buildConfigurationList = 22C88FE020205A460081C963 /* Build configuration list for PBXNativeTarget "White Labelling Demo" */;
			buildPhases = (
				22C88FCA20205A460081C963 /* Sources */,
				22C88FCB20205A460081C963 /* Frameworks */,
				22C88FCC20205A460081C963 /* Resources */,
			);
			buildRules = (
			);
			dependencies = (
			);
			name = "White Labelling Demo";
			productName = "White Labelling Demo";
			productReference = 22C88FCE20205A460081C963 /* White Labelling Demo.app */;
			productType = "com.apple.product-type.application";
		};
		22E2D15A2022DF3D00782EF2 /* White Labelling Full */ = {
			isa = PBXNativeTarget;
			buildConfigurationList = 22E2D16A2022DF3D00782EF2 /* Build configuration list for PBXNativeTarget "White Labelling Full" */;
			buildPhases = (
				22E2D15B2022DF3D00782EF2 /* Sources */,
				22E2D1662022DF3D00782EF2 /* Frameworks */,
				22E2D1672022DF3D00782EF2 /* Resources */,
			);
			buildRules = (
			);
			dependencies = (
			);
			name = "White Labelling Full";
			productName = "White Labelling Demo";
			productReference = 22E2D16D2022DF3D00782EF2 /* White Labelling Full.app */;
			productType = "com.apple.product-type.application";
		};
/* End PBXNativeTarget section */

/* Begin PBXProject section */
		22C88FC620205A460081C963 /* Project object */ = {
			isa = PBXProject;
			attributes = {
				LastSwiftUpdateCheck = 0900;
				LastUpgradeCheck = 0900;
				ORGANIZATIONNAME = vabappd;
				TargetAttributes = {
					22C88FCD20205A460081C963 = {
						CreatedOnToolsVersion = 9.0;
						ProvisioningStyle = Automatic;
					};
					22E2D15A2022DF3D00782EF2 = {
						ProvisioningStyle = Automatic;
					};
				};
			};
			buildConfigurationList = 22C88FC920205A460081C963 /* Build configuration list for PBXProject "White Labelling Demo" */;
			compatibilityVersion = "Xcode 8.0";
			developmentRegion = en;
			hasScannedForEncodings = 0;
			knownRegions = (
				en,
				Base,
			);
			mainGroup = 22C88FC520205A460081C963;
			productRefGroup = 22C88FCF20205A460081C963 /* Products */;
			projectDirPath = "";
			projectRoot = "";
			targets = (
				22C88FCD20205A460081C963 /* White Labelling Demo */,
				22E2D15A2022DF3D00782EF2 /* White Labelling Full */,
			);
		};
/* End PBXProject section */

/* Begin PBXResourcesBuildPhase section */
		22C88FCC20205A460081C963 /* Resources */ = {
			isa = PBXResourcesBuildPhase;
			buildActionMask = 2147483647;
			files = (
				22C88FDC20205A460081C963 /* LaunchScreen.storyboard in Resources */,
				22C88FD920205A460081C963 /* Assets.xcassets in Resources */,
				22E2D1702022E00400782EF2 /* White Labelling Demo.plist in Resources */,
				22E2D1752022EB5700782EF2 /* Demo Settings.plist in Resources */,
			);
			runOnlyForDeploymentPostprocessing = 0;
		};
		22E2D1672022DF3D00782EF2 /* Resources */ = {
			isa = PBXResourcesBuildPhase;
			buildActionMask = 2147483647;
			files = (
				22E2D1682022DF3D00782EF2 /* LaunchScreen.storyboard in Resources */,
				22CBA3832022F561002223F0 /* Full Settings.plist in Resources */,
				22E2D16F2022DFFF00782EF2 /* White Labelling Full.plist in Resources */,
				22EC3DC42024304100823340 /* Assets.xcassets in Resources */,
			);
			runOnlyForDeploymentPostprocessing = 0;
		};
/* End PBXResourcesBuildPhase section */

/* Begin PBXSourcesBuildPhase section */
		22C88FCA20205A460081C963 /* Sources */ = {
			isa = PBXSourcesBuildPhase;
			buildActionMask = 2147483647;
			files = (
				22E2D17A2022EF0200782EF2 /* Settings.swift in Sources */,
				22C88FEA20206E8B0081C963 /* FavouritesViewController.swift in Sources */,
				22C88FEE20206EC40081C963 /* HistoryViewController.swift in Sources */,
				22C88FE820206E720081C963 /* FeaturedViewController.swift in Sources */,
				22C88FF920209AED0081C963 /* FavouritesViewCell.swift in Sources */,
				22CBA38A202307E3002223F0 /* RecentViewController.swift in Sources */,
				22C88FF2202086EA0081C963 /* Feature1ViewController.swift in Sources */,
				22FCF1E2202188900056D84A /* FavouritesHeaderCell.swift in Sources */,
				22C88FF4202086FF0081C963 /* Feature2ViewController.swift in Sources */,
				22C88FD420205A460081C963 /* HomeController.swift in Sources */,
				22C88FEC20206EA90081C963 /* DownloadsViewController.swift in Sources */,
				22C88FD220205A460081C963 /* AppDelegate.swift in Sources */,
				22CBA3852022F63A002223F0 /* extensions.swift in Sources */,
			);
			runOnlyForDeploymentPostprocessing = 0;
		};
		22E2D15B2022DF3D00782EF2 /* Sources */ = {
			isa = PBXSourcesBuildPhase;
			buildActionMask = 2147483647;
			files = (
				22E2D15C2022DF3D00782EF2 /* FavouritesViewController.swift in Sources */,
				22E2D15D2022DF3D00782EF2 /* HistoryViewController.swift in Sources */,
				22E2D15E2022DF3D00782EF2 /* FeaturedViewController.swift in Sources */,
				22E2D15F2022DF3D00782EF2 /* FavouritesViewCell.swift in Sources */,
				22E2D1602022DF3D00782EF2 /* Feature1ViewController.swift in Sources */,
				22CBA38B20230836002223F0 /* RecentViewController.swift in Sources */,
				22E2D1612022DF3D00782EF2 /* FavouritesHeaderCell.swift in Sources */,
				22E2D1622022DF3D00782EF2 /* Feature2ViewController.swift in Sources */,
				22E2D1632022DF3D00782EF2 /* HomeController.swift in Sources */,
				22E2D1642022DF3D00782EF2 /* DownloadsViewController.swift in Sources */,
				2205A87C2022F1E50004AAFD /* Settings.swift in Sources */,
				22E2D1652022DF3D00782EF2 /* AppDelegate.swift in Sources */,
				22CBA3862022F6B6002223F0 /* extensions.swift in Sources */,
			);
			runOnlyForDeploymentPostprocessing = 0;
		};
/* End PBXSourcesBuildPhase section */

/* Begin PBXVariantGroup section */
		22C88FDA20205A460081C963 /* LaunchScreen.storyboard */ = {
			isa = PBXVariantGroup;
			children = (
				22C88FDB20205A460081C963 /* Base */,
			);
			name = LaunchScreen.storyboard;
			sourceTree = "<group>";
		};
/* End PBXVariantGroup section */

/* Begin XCBuildConfiguration section */
		22C88FDE20205A460081C963 /* Debug */ = {
			isa = XCBuildConfiguration;
			buildSettings = {
				ALWAYS_SEARCH_USER_PATHS = NO;
				CLANG_ANALYZER_NONNULL = YES;
				CLANG_ANALYZER_NUMBER_OBJECT_CONVERSION = YES_AGGRESSIVE;
				CLANG_CXX_LANGUAGE_STANDARD = "gnu++14";
				CLANG_CXX_LIBRARY = "libc++";
				CLANG_ENABLE_MODULES = YES;
				CLANG_ENABLE_OBJC_ARC = YES;
				CLANG_WARN_BLOCK_CAPTURE_AUTORELEASING = YES;
				CLANG_WARN_BOOL_CONVERSION = YES;
				CLANG_WARN_COMMA = YES;
				CLANG_WARN_CONSTANT_CONVERSION = YES;
				CLANG_WARN_DIRECT_OBJC_ISA_USAGE = YES_ERROR;
				CLANG_WARN_DOCUMENTATION_COMMENTS = YES;
				CLANG_WARN_EMPTY_BODY = YES;
				CLANG_WARN_ENUM_CONVERSION = YES;
				CLANG_WARN_INFINITE_RECURSION = YES;
				CLANG_WARN_INT_CONVERSION = YES;
				CLANG_WARN_NON_LITERAL_NULL_CONVERSION = YES;
				CLANG_WARN_OBJC_LITERAL_CONVERSION = YES;
				CLANG_WARN_OBJC_ROOT_CLASS = YES_ERROR;
				CLANG_WARN_RANGE_LOOP_ANALYSIS = YES;
				CLANG_WARN_STRICT_PROTOTYPES = YES;
				CLANG_WARN_SUSPICIOUS_MOVE = YES;
				CLANG_WARN_UNGUARDED_AVAILABILITY = YES_AGGRESSIVE;
				CLANG_WARN_UNREACHABLE_CODE = YES;
				CLANG_WARN__DUPLICATE_METHOD_MATCH = YES;
				CODE_SIGN_IDENTITY = "iPhone Developer";
				COPY_PHASE_STRIP = NO;
				DEBUG_INFORMATION_FORMAT = dwarf;
				ENABLE_STRICT_OBJC_MSGSEND = YES;
				ENABLE_TESTABILITY = YES;
				GCC_C_LANGUAGE_STANDARD = gnu11;
				GCC_DYNAMIC_NO_PIC = NO;
				GCC_NO_COMMON_BLOCKS = YES;
				GCC_OPTIMIZATION_LEVEL = 0;
				GCC_PREPROCESSOR_DEFINITIONS = (
					"DEBUG=1",
					"$(inherited)",
				);
				GCC_WARN_64_TO_32_BIT_CONVERSION = YES;
				GCC_WARN_ABOUT_RETURN_TYPE = YES_ERROR;
				GCC_WARN_UNDECLARED_SELECTOR = YES;
				GCC_WARN_UNINITIALIZED_AUTOS = YES_AGGRESSIVE;
				GCC_WARN_UNUSED_FUNCTION = YES;
				GCC_WARN_UNUSED_VARIABLE = YES;
				IPHONEOS_DEPLOYMENT_TARGET = 11.0;
				MTL_ENABLE_DEBUG_INFO = YES;
				ONLY_ACTIVE_ARCH = YES;
				SDKROOT = iphoneos;
				SWIFT_ACTIVE_COMPILATION_CONDITIONS = DEBUG;
				SWIFT_OPTIMIZATION_LEVEL = "-Onone";
			};
			name = Debug;
		};
		22C88FDF20205A460081C963 /* Release */ = {
			isa = XCBuildConfiguration;
			buildSettings = {
				ALWAYS_SEARCH_USER_PATHS = NO;
				CLANG_ANALYZER_NONNULL = YES;
				CLANG_ANALYZER_NUMBER_OBJECT_CONVERSION = YES_AGGRESSIVE;
				CLANG_CXX_LANGUAGE_STANDARD = "gnu++14";
				CLANG_CXX_LIBRARY = "libc++";
				CLANG_ENABLE_MODULES = YES;
				CLANG_ENABLE_OBJC_ARC = YES;
				CLANG_WARN_BLOCK_CAPTURE_AUTORELEASING = YES;
				CLANG_WARN_BOOL_CONVERSION = YES;
				CLANG_WARN_COMMA = YES;
				CLANG_WARN_CONSTANT_CONVERSION = YES;
				CLANG_WARN_DIRECT_OBJC_ISA_USAGE = YES_ERROR;
				CLANG_WARN_DOCUMENTATION_COMMENTS = YES;
				CLANG_WARN_EMPTY_BODY = YES;
				CLANG_WARN_ENUM_CONVERSION = YES;
				CLANG_WARN_INFINITE_RECURSION = YES;
				CLANG_WARN_INT_CONVERSION = YES;
				CLANG_WARN_NON_LITERAL_NULL_CONVERSION = YES;
				CLANG_WARN_OBJC_LITERAL_CONVERSION = YES;
				CLANG_WARN_OBJC_ROOT_CLASS = YES_ERROR;
				CLANG_WARN_RANGE_LOOP_ANALYSIS = YES;
				CLANG_WARN_STRICT_PROTOTYPES = YES;
				CLANG_WARN_SUSPICIOUS_MOVE = YES;
				CLANG_WARN_UNGUARDED_AVAILABILITY = YES_AGGRESSIVE;
				CLANG_WARN_UNREACHABLE_CODE = YES;
				CLANG_WARN__DUPLICATE_METHOD_MATCH = YES;
				CODE_SIGN_IDENTITY = "iPhone Developer";
				COPY_PHASE_STRIP = NO;
				DEBUG_INFORMATION_FORMAT = "dwarf-with-dsym";
				ENABLE_NS_ASSERTIONS = NO;
				ENABLE_STRICT_OBJC_MSGSEND = YES;
				GCC_C_LANGUAGE_STANDARD = gnu11;
				GCC_NO_COMMON_BLOCKS = YES;
				GCC_WARN_64_TO_32_BIT_CONVERSION = YES;
				GCC_WARN_ABOUT_RETURN_TYPE = YES_ERROR;
				GCC_WARN_UNDECLARED_SELECTOR = YES;
				GCC_WARN_UNINITIALIZED_AUTOS = YES_AGGRESSIVE;
				GCC_WARN_UNUSED_FUNCTION = YES;
				GCC_WARN_UNUSED_VARIABLE = YES;
				IPHONEOS_DEPLOYMENT_TARGET = 11.0;
				MTL_ENABLE_DEBUG_INFO = NO;
				SDKROOT = iphoneos;
				SWIFT_OPTIMIZATION_LEVEL = "-Owholemodule";
				VALIDATE_PRODUCT = YES;
			};
			name = Release;
		};
		22C88FE120205A460081C963 /* Debug */ = {
			isa = XCBuildConfiguration;
			buildSettings = {
				ASSETCATALOG_COMPILER_APPICON_NAME = AppIcon;
				CODE_SIGN_STYLE = Automatic;
				DEVELOPMENT_TEAM = UMFR7TLPHS;
				GCC_PREPROCESSOR_DEFINITIONS = (
					"DEBUG=1",
					"$(inherited)",
				);
				INFOPLIST_FILE = "$(SRCROOT)/White Labelling Demo/Supporting files/Demo/White Labelling Demo.plist";
				LD_RUNPATH_SEARCH_PATHS = "$(inherited) @executable_path/Frameworks";
				OTHER_SWIFT_FLAGS = "-DDEMO";
				PRODUCT_BUNDLE_IDENTIFIER = "com.vabappd.White-Labelling-Demo";
				PRODUCT_NAME = "$(TARGET_NAME)";
				SWIFT_VERSION = 4.0;
				TARGETED_DEVICE_FAMILY = "1,2";
			};
			name = Debug;
		};
		22C88FE220205A460081C963 /* Release */ = {
			isa = XCBuildConfiguration;
			buildSettings = {
				ASSETCATALOG_COMPILER_APPICON_NAME = AppIcon;
				CODE_SIGN_STYLE = Automatic;
				DEVELOPMENT_TEAM = UMFR7TLPHS;
				GCC_PREPROCESSOR_DEFINITIONS = "";
				INFOPLIST_FILE = "$(SRCROOT)/White Labelling Demo/Supporting files/Demo/White Labelling Demo.plist";
				LD_RUNPATH_SEARCH_PATHS = "$(inherited) @executable_path/Frameworks";
				OTHER_SWIFT_FLAGS = "-DDEMO";
				PRODUCT_BUNDLE_IDENTIFIER = "com.vabappd.White-Labelling-Demo";
				PRODUCT_NAME = "$(TARGET_NAME)";
				SWIFT_VERSION = 4.0;
				TARGETED_DEVICE_FAMILY = "1,2";
			};
			name = Release;
		};
		22E2D16B2022DF3D00782EF2 /* Debug */ = {
			isa = XCBuildConfiguration;
			buildSettings = {
				ASSETCATALOG_COMPILER_APPICON_NAME = AppIcon;
				CODE_SIGN_STYLE = Automatic;
				DEVELOPMENT_TEAM = UMFR7TLPHS;
				INFOPLIST_FILE = "$(SRCROOT)/White Labelling Demo/Supporting files/Full/White Labelling Full.plist";
				LD_RUNPATH_SEARCH_PATHS = "$(inherited) @executable_path/Frameworks";
				PRODUCT_BUNDLE_IDENTIFIER = "com.vabappd.White-Labelling-Demo";
				PRODUCT_NAME = "$(TARGET_NAME)";
				SWIFT_VERSION = 4.0;
				TARGETED_DEVICE_FAMILY = "1,2";
			};
			name = Debug;
		};
		22E2D16C2022DF3D00782EF2 /* Release */ = {
			isa = XCBuildConfiguration;
			buildSettings = {
				ASSETCATALOG_COMPILER_APPICON_NAME = AppIcon;
				CODE_SIGN_STYLE = Automatic;
				DEVELOPMENT_TEAM = UMFR7TLPHS;
				INFOPLIST_FILE = "$(SRCROOT)/White Labelling Demo/Supporting files/Full/White Labelling Full.plist";
				LD_RUNPATH_SEARCH_PATHS = "$(inherited) @executable_path/Frameworks";
				PRODUCT_BUNDLE_IDENTIFIER = "com.vabappd.White-Labelling-Demo";
				PRODUCT_NAME = "$(TARGET_NAME)";
				SWIFT_VERSION = 4.0;
				TARGETED_DEVICE_FAMILY = "1,2";
			};
			name = Release;
		};
/* End XCBuildConfiguration section */

/* Begin XCConfigurationList section */
		22C88FC920205A460081C963 /* Build configuration list for PBXProject "White Labelling Demo" */ = {
			isa = XCConfigurationList;
			buildConfigurations = (
				22C88FDE20205A460081C963 /* Debug */,
				22C88FDF20205A460081C963 /* Release */,
			);
			defaultConfigurationIsVisible = 0;
			defaultConfigurationName = Release;
		};
		22C88FE020205A460081C963 /* Build configuration list for PBXNativeTarget "White Labelling Demo" */ = {
			isa = XCConfigurationList;
			buildConfigurations = (
				22C88FE120205A460081C963 /* Debug */,
				22C88FE220205A460081C963 /* Release */,
			);
			defaultConfigurationIsVisible = 0;
			defaultConfigurationName = Release;
		};
		22E2D16A2022DF3D00782EF2 /* Build configuration list for PBXNativeTarget "White Labelling Full" */ = {
			isa = XCConfigurationList;
			buildConfigurations = (
				22E2D16B2022DF3D00782EF2 /* Debug */,
				22E2D16C2022DF3D00782EF2 /* Release */,
			);
			defaultConfigurationIsVisible = 0;
			defaultConfigurationName = Release;
		};
/* End XCConfigurationList section */
	};
	rootObject = 22C88FC620205A460081C963 /* Project object */;
}
